
Microsoft Visual Studio Solution File, Format Version 12.00
# Visual Studio Version 17
VisualStudioVersion = 17.9.34728.123
MinimumVisualStudioVersion = 10.0.40219.1
Project("{FAE04EC0-301F-11D3-BF4B-00C04F79EFBC}") = "AboutDisneyWorld_Blazor", "AboutDisneyWorld_Blazor\AboutDisneyWorld_Blazor.csproj", "{6F24576B-60A7-4574-A82A-DDFC4BE3903D}"
EndProject
Global
	GlobalSection(SolutionConfigurationPlatforms) = preSolution
		Debug|Any CPU = Debug|Any CPU
		Release|Any CPU = Release|Any CPU
	EndGlobalSection
	GlobalSection(ProjectConfigurationPlatforms) = postSolution
		{6F24576B-60A7-4574-A82A-DDFC4BE3903D}.Debug|Any CPU.ActiveCfg = Debug|Any CPU
		{6F24576B-60A7-4574-A82A-DDFC4BE3903D}.Debug|Any CPU.Build.0 = Debug|Any CPU
		{6F24576B-60A7-4574-A82A-DDFC4BE3903D}.Release|Any CPU.ActiveCfg = Release|Any CPU
		{6F24576B-60A7-4574-A82A-DDFC4BE3903D}.Release|Any CPU.Build.0 = Release|Any CPU
	EndGlobalSection
	GlobalSection(SolutionProperties) = preSolution
		HideSolutionNode = FALSE
	EndGlobalSection
	GlobalSection(ExtensibilityGlobals) = postSolution
		SolutionGuid = {F439C203-FD1C-4217-B6AE-C03174F4515A}
	EndGlobalSection
EndGlobal
